// !$*UTF8*$!
{
	archiveVersion = 1;
	classes = {
	};
	objectVersion = 50;
	objects = {

/* Begin PBXBuildFile section */
		E3134F532700A87C00B20B01 /* MarvelAppPracticaApp.swift in Sources */ = {isa = PBXBuildFile; fileRef = E3134F402700A87B00B20B01 /* MarvelAppPracticaApp.swift */; };
		E3134F542700A87C00B20B01 /* MarvelAppPracticaApp.swift in Sources */ = {isa = PBXBuildFile; fileRef = E3134F402700A87B00B20B01 /* MarvelAppPracticaApp.swift */; };
		E3134F572700A87C00B20B01 /* Assets.xcassets in Resources */ = {isa = PBXBuildFile; fileRef = E3134F422700A87C00B20B01 /* Assets.xcassets */; };
		E3134F582700A87C00B20B01 /* Assets.xcassets in Resources */ = {isa = PBXBuildFile; fileRef = E3134F422700A87C00B20B01 /* Assets.xcassets */; };
		E3134F672700AA1700B20B01 /* MarvelModel.swift in Sources */ = {isa = PBXBuildFile; fileRef = E3134F662700AA1700B20B01 /* MarvelModel.swift */; };
		E3134F692700AA2C00B20B01 /* StatusModel.swift in Sources */ = {isa = PBXBuildFile; fileRef = E3134F682700AA2C00B20B01 /* StatusModel.swift */; };
		E3134F6B2700AA4B00B20B01 /* HeroesViewModel.swift in Sources */ = {isa = PBXBuildFile; fileRef = E3134F6A2700AA4B00B20B01 /* HeroesViewModel.swift */; };
		E3134F6D2700AA6200B20B01 /* PhotoViewModel.swift in Sources */ = {isa = PBXBuildFile; fileRef = E3134F6C2700AA6200B20B01 /* PhotoViewModel.swift */; };
		E3134F6F2700AA7900B20B01 /* BaseNetwork.swift in Sources */ = {isa = PBXBuildFile; fileRef = E3134F6E2700AA7900B20B01 /* BaseNetwork.swift */; };
		E3134F722700AAAE00B20B01 /* HeroesView.swift in Sources */ = {isa = PBXBuildFile; fileRef = E3134F712700AAAE00B20B01 /* HeroesView.swift */; };
		E3134F742700AACD00B20B01 /* HeroesRowView.swift in Sources */ = {isa = PBXBuildFile; fileRef = E3134F732700AACD00B20B01 /* HeroesRowView.swift */; };
		E3134F762700AAF000B20B01 /* HeroesDetailView.swift in Sources */ = {isa = PBXBuildFile; fileRef = E3134F752700AAF000B20B01 /* HeroesDetailView.swift */; };
		E322A20F2700BF4900149866 /* SeriesListView.swift in Sources */ = {isa = PBXBuildFile; fileRef = E322A20E2700BF4900149866 /* SeriesListView.swift */; };
/* End PBXBuildFile section */

/* Begin PBXFileReference section */
		E3134F402700A87B00B20B01 /* MarvelAppPracticaApp.swift */ = {isa = PBXFileReference; lastKnownFileType = sourcecode.swift; path = MarvelAppPracticaApp.swift; sourceTree = "<group>"; };
		E3134F422700A87C00B20B01 /* Assets.xcassets */ = {isa = PBXFileReference; lastKnownFileType = folder.assetcatalog; path = Assets.xcassets; sourceTree = "<group>"; };
		E3134F472700A87C00B20B01 /* MarvelAppPractica.app */ = {isa = PBXFileReference; explicitFileType = wrapper.application; includeInIndex = 0; path = MarvelAppPractica.app; sourceTree = BUILT_PRODUCTS_DIR; };
		E3134F4A2700A87C00B20B01 /* Info.plist */ = {isa = PBXFileReference; lastKnownFileType = text.plist.xml; path = Info.plist; sourceTree = "<group>"; };
		E3134F4F2700A87C00B20B01 /* MarvelAppPractica.app */ = {isa = PBXFileReference; explicitFileType = wrapper.application; includeInIndex = 0; path = MarvelAppPractica.app; sourceTree = BUILT_PRODUCTS_DIR; };
		E3134F512700A87C00B20B01 /* Info.plist */ = {isa = PBXFileReference; lastKnownFileType = text.plist.xml; path = Info.plist; sourceTree = "<group>"; };
		E3134F522700A87C00B20B01 /* macOS.entitlements */ = {isa = PBXFileReference; lastKnownFileType = text.plist.entitlements; path = macOS.entitlements; sourceTree = "<group>"; };
		E3134F662700AA1700B20B01 /* MarvelModel.swift */ = {isa = PBXFileReference; lastKnownFileType = sourcecode.swift; path = MarvelModel.swift; sourceTree = "<group>"; };
		E3134F682700AA2C00B20B01 /* StatusModel.swift */ = {isa = PBXFileReference; lastKnownFileType = sourcecode.swift; path = StatusModel.swift; sourceTree = "<group>"; };
		E3134F6A2700AA4B00B20B01 /* HeroesViewModel.swift */ = {isa = PBXFileReference; lastKnownFileType = sourcecode.swift; path = HeroesViewModel.swift; sourceTree = "<group>"; };
		E3134F6C2700AA6200B20B01 /* PhotoViewModel.swift */ = {isa = PBXFileReference; lastKnownFileType = sourcecode.swift; path = PhotoViewModel.swift; sourceTree = "<group>"; };
		E3134F6E2700AA7900B20B01 /* BaseNetwork.swift */ = {isa = PBXFileReference; lastKnownFileType = sourcecode.swift; path = BaseNetwork.swift; sourceTree = "<group>"; };
		E3134F712700AAAE00B20B01 /* HeroesView.swift */ = {isa = PBXFileReference; lastKnownFileType = sourcecode.swift; path = HeroesView.swift; sourceTree = "<group>"; };
		E3134F732700AACD00B20B01 /* HeroesRowView.swift */ = {isa = PBXFileReference; lastKnownFileType = sourcecode.swift; path = HeroesRowView.swift; sourceTree = "<group>"; };
		E3134F752700AAF000B20B01 /* HeroesDetailView.swift */ = {isa = PBXFileReference; lastKnownFileType = sourcecode.swift; path = HeroesDetailView.swift; sourceTree = "<group>"; };
		E322A20E2700BF4900149866 /* SeriesListView.swift */ = {isa = PBXFileReference; lastKnownFileType = sourcecode.swift; path = SeriesListView.swift; sourceTree = "<group>"; };
/* End PBXFileReference section */

/* Begin PBXFrameworksBuildPhase section */
		E3134F442700A87C00B20B01 /* Frameworks */ = {
			isa = PBXFrameworksBuildPhase;
			buildActionMask = 2147483647;
			files = (
			);
			runOnlyForDeploymentPostprocessing = 0;
		};
		E3134F4C2700A87C00B20B01 /* Frameworks */ = {
			isa = PBXFrameworksBuildPhase;
			buildActionMask = 2147483647;
			files = (
			);
			runOnlyForDeploymentPostprocessing = 0;
		};
/* End PBXFrameworksBuildPhase section */

/* Begin PBXGroup section */
		E3134F3A2700A87B00B20B01 = {
			isa = PBXGroup;
			children = (
				E3134F3F2700A87B00B20B01 /* Shared */,
				E3134F492700A87C00B20B01 /* iOS */,
				E3134F502700A87C00B20B01 /* macOS */,
				E3134F482700A87C00B20B01 /* Products */,
			);
			sourceTree = "<group>";
		};
		E3134F3F2700A87B00B20B01 /* Shared */ = {
			isa = PBXGroup;
			children = (
				E3134F652700AA0100B20B01 /* ViewModels */,
				E3134F642700A9FA00B20B01 /* Models */,
				E3134F632700A9F500B20B01 /* Tools */,
				E3134F622700A9EF00B20B01 /* Services */,
				E3134F612700A9E700B20B01 /* Views */,
				E3134F402700A87B00B20B01 /* MarvelAppPracticaApp.swift */,
				E3134F422700A87C00B20B01 /* Assets.xcassets */,
			);
			path = Shared;
			sourceTree = "<group>";
		};
		E3134F482700A87C00B20B01 /* Products */ = {
			isa = PBXGroup;
			children = (
				E3134F472700A87C00B20B01 /* MarvelAppPractica.app */,
				E3134F4F2700A87C00B20B01 /* MarvelAppPractica.app */,
			);
			name = Products;
			sourceTree = "<group>";
		};
		E3134F492700A87C00B20B01 /* iOS */ = {
			isa = PBXGroup;
			children = (
				E3134F4A2700A87C00B20B01 /* Info.plist */,
			);
			path = iOS;
			sourceTree = "<group>";
		};
		E3134F502700A87C00B20B01 /* macOS */ = {
			isa = PBXGroup;
			children = (
				E3134F512700A87C00B20B01 /* Info.plist */,
				E3134F522700A87C00B20B01 /* macOS.entitlements */,
			);
			path = macOS;
			sourceTree = "<group>";
		};
		E3134F612700A9E700B20B01 /* Views */ = {
			isa = PBXGroup;
			children = (
				E322A20D2700BF3800149866 /* Series */,
				E3134F702700AA9B00B20B01 /* Heroes */,
			);
			path = Views;
			sourceTree = "<group>";
		};
		E3134F622700A9EF00B20B01 /* Services */ = {
			isa = PBXGroup;
			children = (
				E3134F6E2700AA7900B20B01 /* BaseNetwork.swift */,
			);
			path = Services;
			sourceTree = "<group>";
		};
		E3134F632700A9F500B20B01 /* Tools */ = {
			isa = PBXGroup;
			children = (
			);
			path = Tools;
			sourceTree = "<group>";
		};
		E3134F642700A9FA00B20B01 /* Models */ = {
			isa = PBXGroup;
			children = (
				E3134F662700AA1700B20B01 /* MarvelModel.swift */,
				E3134F682700AA2C00B20B01 /* StatusModel.swift */,
			);
			path = Models;
			sourceTree = "<group>";
		};
		E3134F652700AA0100B20B01 /* ViewModels */ = {
			isa = PBXGroup;
			children = (
				E3134F6A2700AA4B00B20B01 /* HeroesViewModel.swift */,
				E3134F6C2700AA6200B20B01 /* PhotoViewModel.swift */,
			);
			path = ViewModels;
			sourceTree = "<group>";
		};
		E3134F702700AA9B00B20B01 /* Heroes */ = {
			isa = PBXGroup;
			children = (
				E3134F712700AAAE00B20B01 /* HeroesView.swift */,
				E3134F732700AACD00B20B01 /* HeroesRowView.swift */,
				E3134F752700AAF000B20B01 /* HeroesDetailView.swift */,
			);
			path = Heroes;
			sourceTree = "<group>";
		};
		E322A20D2700BF3800149866 /* Series */ = {
			isa = PBXGroup;
			children = (
				E322A20E2700BF4900149866 /* SeriesListView.swift */,
			);
			path = Series;
			sourceTree = "<group>";
		};
/* End PBXGroup section */

/* Begin PBXNativeTarget section */
		E3134F462700A87C00B20B01 /* MarvelAppPractica (iOS) */ = {
			isa = PBXNativeTarget;
			buildConfigurationList = E3134F5B2700A87C00B20B01 /* Build configuration list for PBXNativeTarget "MarvelAppPractica (iOS)" */;
			buildPhases = (
				E3134F432700A87C00B20B01 /* Sources */,
				E3134F442700A87C00B20B01 /* Frameworks */,
				E3134F452700A87C00B20B01 /* Resources */,
			);
			buildRules = (
			);
			dependencies = (
			);
			name = "MarvelAppPractica (iOS)";
			productName = "MarvelAppPractica (iOS)";
			productReference = E3134F472700A87C00B20B01 /* MarvelAppPractica.app */;
			productType = "com.apple.product-type.application";
		};
		E3134F4E2700A87C00B20B01 /* MarvelAppPractica (macOS) */ = {
			isa = PBXNativeTarget;
			buildConfigurationList = E3134F5E2700A87C00B20B01 /* Build configuration list for PBXNativeTarget "MarvelAppPractica (macOS)" */;
			buildPhases = (
				E3134F4B2700A87C00B20B01 /* Sources */,
				E3134F4C2700A87C00B20B01 /* Frameworks */,
				E3134F4D2700A87C00B20B01 /* Resources */,
			);
			buildRules = (
			);
			dependencies = (
			);
			name = "MarvelAppPractica (macOS)";
			productName = "MarvelAppPractica (macOS)";
			productReference = E3134F4F2700A87C00B20B01 /* MarvelAppPractica.app */;
			productType = "com.apple.product-type.application";
		};
/* End PBXNativeTarget section */

/* Begin PBXProject section */
		E3134F3B2700A87B00B20B01 /* Project object */ = {
			isa = PBXProject;
			attributes = {
				LastSwiftUpdateCheck = 1250;
				LastUpgradeCheck = 1250;
				TargetAttributes = {
					E3134F462700A87C00B20B01 = {
						CreatedOnToolsVersion = 12.5.1;
					};
					E3134F4E2700A87C00B20B01 = {
						CreatedOnToolsVersion = 12.5.1;
					};
				};
			};
			buildConfigurationList = E3134F3E2700A87B00B20B01 /* Build configuration list for PBXProject "MarvelAppPractica" */;
			compatibilityVersion = "Xcode 9.3";
			developmentRegion = en;
			hasScannedForEncodings = 0;
			knownRegions = (
				en,
				Base,
			);
			mainGroup = E3134F3A2700A87B00B20B01;
			productRefGroup = E3134F482700A87C00B20B01 /* Products */;
			projectDirPath = "";
			projectRoot = "";
			targets = (
				E3134F462700A87C00B20B01 /* MarvelAppPractica (iOS) */,
				E3134F4E2700A87C00B20B01 /* MarvelAppPractica (macOS) */,
			);
		};
/* End PBXProject section */

/* Begin PBXResourcesBuildPhase section */
		E3134F452700A87C00B20B01 /* Resources */ = {
			isa = PBXResourcesBuildPhase;
			buildActionMask = 2147483647;
			files = (
				E3134F572700A87C00B20B01 /* Assets.xcassets in Resources */,
			);
			runOnlyForDeploymentPostprocessing = 0;
		};
		E3134F4D2700A87C00B20B01 /* Resources */ = {
			isa = PBXResourcesBuildPhase;
			buildActionMask = 2147483647;
			files = (
				E3134F582700A87C00B20B01 /* Assets.xcassets in Resources */,
			);
			runOnlyForDeploymentPostprocessing = 0;
		};
/* End PBXResourcesBuildPhase section */

/* Begin PBXSourcesBuildPhase section */
		E3134F432700A87C00B20B01 /* Sources */ = {
			isa = PBXSourcesBuildPhase;
			buildActionMask = 2147483647;
			files = (
				E3134F6B2700AA4B00B20B01 /* HeroesViewModel.swift in Sources */,
				E3134F6D2700AA6200B20B01 /* PhotoViewModel.swift in Sources */,
				E3134F672700AA1700B20B01 /* MarvelModel.swift in Sources */,
				E3134F692700AA2C00B20B01 /* StatusModel.swift in Sources */,
				E3134F722700AAAE00B20B01 /* HeroesView.swift in Sources */,
				E322A20F2700BF4900149866 /* SeriesListView.swift in Sources */,
				E3134F742700AACD00B20B01 /* HeroesRowView.swift in Sources */,
				E3134F762700AAF000B20B01 /* HeroesDetailView.swift in Sources */,
				E3134F532700A87C00B20B01 /* MarvelAppPracticaApp.swift in Sources */,
				E3134F6F2700AA7900B20B01 /* BaseNetwork.swift in Sources */,
			);
			runOnlyForDeploymentPostprocessing = 0;
		};
		E3134F4B2700A87C00B20B01 /* Sources */ = {
			isa = PBXSourcesBuildPhase;
			buildActionMask = 2147483647;
			files = (
				E3134F542700A87C00B20B01 /* MarvelAppPracticaApp.swift in Sources */,
			);
			runOnlyForDeploymentPostprocessing = 0;
		};
/* End PBXSourcesBuildPhase section */

/* Begin XCBuildConfiguration section */
		E3134F592700A87C00B20B01 /* Debug */ = {
			isa = XCBuildConfiguration;
			buildSettings = {
				ALWAYS_SEARCH_USER_PATHS = NO;
				CLANG_ANALYZER_NONNULL = YES;
				CLANG_ANALYZER_NUMBER_OBJECT_CONVERSION = YES_AGGRESSIVE;
				CLANG_CXX_LANGUAGE_STANDARD = "gnu++14";
				CLANG_CXX_LIBRARY = "libc++";
				CLANG_ENABLE_MODULES = YES;
				CLANG_ENABLE_OBJC_ARC = YES;
				CLANG_ENABLE_OBJC_WEAK = YES;
				CLANG_WARN_BLOCK_CAPTURE_AUTORELEASING = YES;
				CLANG_WARN_BOOL_CONVERSION = YES;
				CLANG_WARN_COMMA = YES;
				CLANG_WARN_CONSTANT_CONVERSION = YES;
				CLANG_WARN_DEPRECATED_OBJC_IMPLEMENTATIONS = YES;
				CLANG_WARN_DIRECT_OBJC_ISA_USAGE = YES_ERROR;
				CLANG_WARN_DOCUMENTATION_COMMENTS = YES;
				CLANG_WARN_EMPTY_BODY = YES;
				CLANG_WARN_ENUM_CONVERSION = YES;
				CLANG_WARN_INFINITE_RECURSION = YES;
				CLANG_WARN_INT_CONVERSION = YES;
				CLANG_WARN_NON_LITERAL_NULL_CONVERSION = YES;
				CLANG_WARN_OBJC_IMPLICIT_RETAIN_SELF = YES;
				CLANG_WARN_OBJC_LITERAL_CONVERSION = YES;
				CLANG_WARN_OBJC_ROOT_CLASS = YES_ERROR;
				CLANG_WARN_QUOTED_INCLUDE_IN_FRAMEWORK_HEADER = YES;
				CLANG_WARN_RANGE_LOOP_ANALYSIS = YES;
				CLANG_WARN_STRICT_PROTOTYPES = YES;
				CLANG_WARN_SUSPICIOUS_MOVE = YES;
				CLANG_WARN_UNGUARDED_AVAILABILITY = YES_AGGRESSIVE;
				CLANG_WARN_UNREACHABLE_CODE = YES;
				CLANG_WARN__DUPLICATE_METHOD_MATCH = YES;
				COPY_PHASE_STRIP = NO;
				DEBUG_INFORMATION_FORMAT = dwarf;
				ENABLE_STRICT_OBJC_MSGSEND = YES;
				ENABLE_TESTABILITY = YES;
				GCC_C_LANGUAGE_STANDARD = gnu11;
				GCC_DYNAMIC_NO_PIC = NO;
				GCC_NO_COMMON_BLOCKS = YES;
				GCC_OPTIMIZATION_LEVEL = 0;
				GCC_PREPROCESSOR_DEFINITIONS = (
					"DEBUG=1",
					"$(inherited)",
				);
				GCC_WARN_64_TO_32_BIT_CONVERSION = YES;
				GCC_WARN_ABOUT_RETURN_TYPE = YES_ERROR;
				GCC_WARN_UNDECLARED_SELECTOR = YES;
				GCC_WARN_UNINITIALIZED_AUTOS = YES_AGGRESSIVE;
				GCC_WARN_UNUSED_FUNCTION = YES;
				GCC_WARN_UNUSED_VARIABLE = YES;
				MTL_ENABLE_DEBUG_INFO = INCLUDE_SOURCE;
				MTL_FAST_MATH = YES;
				ONLY_ACTIVE_ARCH = YES;
				SWIFT_ACTIVE_COMPILATION_CONDITIONS = DEBUG;
				SWIFT_OPTIMIZATION_LEVEL = "-Onone";
			};
			name = Debug;
		};
		E3134F5A2700A87C00B20B01 /* Release */ = {
			isa = XCBuildConfiguration;
			buildSettings = {
				ALWAYS_SEARCH_USER_PATHS = NO;
				CLANG_ANALYZER_NONNULL = YES;
				CLANG_ANALYZER_NUMBER_OBJECT_CONVERSION = YES_AGGRESSIVE;
				CLANG_CXX_LANGUAGE_STANDARD = "gnu++14";
				CLANG_CXX_LIBRARY = "libc++";
				CLANG_ENABLE_MODULES = YES;
				CLANG_ENABLE_OBJC_ARC = YES;
				CLANG_ENABLE_OBJC_WEAK = YES;
				CLANG_WARN_BLOCK_CAPTURE_AUTORELEASING = YES;
				CLANG_WARN_BOOL_CONVERSION = YES;
				CLANG_WARN_COMMA = YES;
				CLANG_WARN_CONSTANT_CONVERSION = YES;
				CLANG_WARN_DEPRECATED_OBJC_IMPLEMENTATIONS = YES;
				CLANG_WARN_DIRECT_OBJC_ISA_USAGE = YES_ERROR;
				CLANG_WARN_DOCUMENTATION_COMMENTS = YES;
				CLANG_WARN_EMPTY_BODY = YES;
				CLANG_WARN_ENUM_CONVERSION = YES;
				CLANG_WARN_INFINITE_RECURSION = YES;
				CLANG_WARN_INT_CONVERSION = YES;
				CLANG_WARN_NON_LITERAL_NULL_CONVERSION = YES;
				CLANG_WARN_OBJC_IMPLICIT_RETAIN_SELF = YES;
				CLANG_WARN_OBJC_LITERAL_CONVERSION = YES;
				CLANG_WARN_OBJC_ROOT_CLASS = YES_ERROR;
				CLANG_WARN_QUOTED_INCLUDE_IN_FRAMEWORK_HEADER = YES;
				CLANG_WARN_RANGE_LOOP_ANALYSIS = YES;
				CLANG_WARN_STRICT_PROTOTYPES = YES;
				CLANG_WARN_SUSPICIOUS_MOVE = YES;
				CLANG_WARN_UNGUARDED_AVAILABILITY = YES_AGGRESSIVE;
				CLANG_WARN_UNREACHABLE_CODE = YES;
				CLANG_WARN__DUPLICATE_METHOD_MATCH = YES;
				COPY_PHASE_STRIP = NO;
				DEBUG_INFORMATION_FORMAT = "dwarf-with-dsym";
				ENABLE_NS_ASSERTIONS = NO;
				ENABLE_STRICT_OBJC_MSGSEND = YES;
				GCC_C_LANGUAGE_STANDARD = gnu11;
				GCC_NO_COMMON_BLOCKS = YES;
				GCC_WARN_64_TO_32_BIT_CONVERSION = YES;
				GCC_WARN_ABOUT_RETURN_TYPE = YES_ERROR;
				GCC_WARN_UNDECLARED_SELECTOR = YES;
				GCC_WARN_UNINITIALIZED_AUTOS = YES_AGGRESSIVE;
				GCC_WARN_UNUSED_FUNCTION = YES;
				GCC_WARN_UNUSED_VARIABLE = YES;
				MTL_ENABLE_DEBUG_INFO = NO;
				MTL_FAST_MATH = YES;
				SWIFT_COMPILATION_MODE = wholemodule;
				SWIFT_OPTIMIZATION_LEVEL = "-O";
			};
			name = Release;
		};
		E3134F5C2700A87C00B20B01 /* Debug */ = {
			isa = XCBuildConfiguration;
			buildSettings = {
				ASSETCATALOG_COMPILER_APPICON_NAME = AppIcon;
				ASSETCATALOG_COMPILER_GLOBAL_ACCENT_COLOR_NAME = AccentColor;
				CODE_SIGN_STYLE = Automatic;
				DEVELOPMENT_TEAM = F994M2VV3G;
				ENABLE_PREVIEWS = YES;
				INFOPLIST_FILE = iOS/Info.plist;
				IPHONEOS_DEPLOYMENT_TARGET = 14.0;
				LD_RUNPATH_SEARCH_PATHS = (
					"$(inherited)",
					"@executable_path/Frameworks",
				);
				PRODUCT_BUNDLE_IDENTIFIER = dev.rubenlucena.MarvelAppPractica;
				PRODUCT_NAME = MarvelAppPractica;
				SDKROOT = iphoneos;
				SWIFT_VERSION = 5.0;
				TARGETED_DEVICE_FAMILY = "1,2";
			};
			name = Debug;
		};
		E3134F5D2700A87C00B20B01 /* Release */ = {
			isa = XCBuildConfiguration;
			buildSettings = {
				ASSETCATALOG_COMPILER_APPICON_NAME = AppIcon;
				ASSETCATALOG_COMPILER_GLOBAL_ACCENT_COLOR_NAME = AccentColor;
				CODE_SIGN_STYLE = Automatic;
				DEVELOPMENT_TEAM = F994M2VV3G;
				ENABLE_PREVIEWS = YES;
				INFOPLIST_FILE = iOS/Info.plist;
				IPHONEOS_DEPLOYMENT_TARGET = 14.0;
				LD_RUNPATH_SEARCH_PATHS = (
					"$(inherited)",
					"@executable_path/Frameworks",
				);
				PRODUCT_BUNDLE_IDENTIFIER = dev.rubenlucena.MarvelAppPractica;
				PRODUCT_NAME = MarvelAppPractica;
				SDKROOT = iphoneos;
				SWIFT_VERSION = 5.0;
				TARGETED_DEVICE_FAMILY = "1,2";
				VALIDATE_PRODUCT = YES;
			};
			name = Release;
		};
		E3134F5F2700A87C00B20B01 /* Debug */ = {
			isa = XCBuildConfiguration;
			buildSettings = {
				ASSETCATALOG_COMPILER_APPICON_NAME = AppIcon;
				ASSETCATALOG_COMPILER_GLOBAL_ACCENT_COLOR_NAME = AccentColor;
				CODE_SIGN_ENTITLEMENTS = macOS/macOS.entitlements;
				CODE_SIGN_STYLE = Automatic;
				COMBINE_HIDPI_IMAGES = YES;
				DEVELOPMENT_TEAM = F994M2VV3G;
				ENABLE_HARDENED_RUNTIME = YES;
				ENABLE_PREVIEWS = YES;
				INFOPLIST_FILE = macOS/Info.plist;
				LD_RUNPATH_SEARCH_PATHS = (
					"$(inherited)",
					"@executable_path/../Frameworks",
				);
				MACOSX_DEPLOYMENT_TARGET = 11.0;
				PRODUCT_BUNDLE_IDENTIFIER = dev.rubenlucena.MarvelAppPractica;
				PRODUCT_NAME = MarvelAppPractica;
				SDKROOT = macosx;
				SWIFT_VERSION = 5.0;
			};
			name = Debug;
		};
		E3134F602700A87C00B20B01 /* Release */ = {
			isa = XCBuildConfiguration;
			buildSettings = {
				ASSETCATALOG_COMPILER_APPICON_NAME = AppIcon;
				ASSETCATALOG_COMPILER_GLOBAL_ACCENT_COLOR_NAME = AccentColor;
				CODE_SIGN_ENTITLEMENTS = macOS/macOS.entitlements;
				CODE_SIGN_STYLE = Automatic;
				COMBINE_HIDPI_IMAGES = YES;
				DEVELOPMENT_TEAM = F994M2VV3G;
				ENABLE_HARDENED_RUNTIME = YES;
				ENABLE_PREVIEWS = YES;
				INFOPLIST_FILE = macOS/Info.plist;
				LD_RUNPATH_SEARCH_PATHS = (
					"$(inherited)",
					"@executable_path/../Frameworks",
				);
				MACOSX_DEPLOYMENT_TARGET = 11.0;
				PRODUCT_BUNDLE_IDENTIFIER = dev.rubenlucena.MarvelAppPractica;
				PRODUCT_NAME = MarvelAppPractica;
				SDKROOT = macosx;
				SWIFT_VERSION = 5.0;
			};
			name = Release;
		};
/* End XCBuildConfiguration section */

/* Begin XCConfigurationList section */
		E3134F3E2700A87B00B20B01 /* Build configuration list for PBXProject "MarvelAppPractica" */ = {
			isa = XCConfigurationList;
			buildConfigurations = (
				E3134F592700A87C00B20B01 /* Debug */,
				E3134F5A2700A87C00B20B01 /* Release */,
			);
			defaultConfigurationIsVisible = 0;
			defaultConfigurationName = Release;
		};
		E3134F5B2700A87C00B20B01 /* Build configuration list for PBXNativeTarget "MarvelAppPractica (iOS)" */ = {
			isa = XCConfigurationList;
			buildConfigurations = (
				E3134F5C2700A87C00B20B01 /* Debug */,
				E3134F5D2700A87C00B20B01 /* Release */,
			);
			defaultConfigurationIsVisible = 0;
			defaultConfigurationName = Release;
		};
		E3134F5E2700A87C00B20B01 /* Build configuration list for PBXNativeTarget "MarvelAppPractica (macOS)" */ = {
			isa = XCConfigurationList;
			buildConfigurations = (
				E3134F5F2700A87C00B20B01 /* Debug */,
				E3134F602700A87C00B20B01 /* Release */,
			);
			defaultConfigurationIsVisible = 0;
			defaultConfigurationName = Release;
		};
/* End XCConfigurationList section */
	};
	rootObject = E3134F3B2700A87B00B20B01 /* Project object */;
}
